// !$*UTF8*$!
{
	archiveVersion = 1;
	classes = {
	};
	objectVersion = 56;
	objects = {

/* Begin PBXBuildFile section */
		8D21E7DE2C99DDC1007E17FF /* MoradaApp.swift in Sources */ = {isa = PBXBuildFile; fileRef = 8D21E7DD2C99DDC1007E17FF /* MoradaApp.swift */; };
		8D21E7E02C99DDC1007E17FF /* ContentView.swift in Sources */ = {isa = PBXBuildFile; fileRef = 8D21E7DF2C99DDC1007E17FF /* ContentView.swift */; };
		8D21E7E22C99DDC6007E17FF /* Assets.xcassets in Resources */ = {isa = PBXBuildFile; fileRef = 8D21E7E12C99DDC6007E17FF /* Assets.xcassets */; };
		8D21E7E62C99DDC6007E17FF /* Preview Assets.xcassets in Resources */ = {isa = PBXBuildFile; fileRef = 8D21E7E52C99DDC6007E17FF /* Preview Assets.xcassets */; };
		8D21E7F02C99DDC6007E17FF /* MoradaTests.swift in Sources */ = {isa = PBXBuildFile; fileRef = 8D21E7EF2C99DDC6007E17FF /* MoradaTests.swift */; };
		8D21E7FA2C99DDC6007E17FF /* MoradaUITests.swift in Sources */ = {isa = PBXBuildFile; fileRef = 8D21E7F92C99DDC6007E17FF /* MoradaUITests.swift */; };
		8D21E7FC2C99DDC6007E17FF /* MoradaUITestsLaunchTests.swift in Sources */ = {isa = PBXBuildFile; fileRef = 8D21E7FB2C99DDC6007E17FF /* MoradaUITestsLaunchTests.swift */; };
/* End PBXBuildFile section */

/* Begin PBXContainerItemProxy section */
		8D21E7EC2C99DDC6007E17FF /* PBXContainerItemProxy */ = {
			isa = PBXContainerItemProxy;
			containerPortal = 8D21E7D22C99DDC1007E17FF /* Project object */;
			proxyType = 1;
			remoteGlobalIDString = 8D21E7D92C99DDC1007E17FF;
			remoteInfo = Morada;
		};
		8D21E7F62C99DDC6007E17FF /* PBXContainerItemProxy */ = {
			isa = PBXContainerItemProxy;
			containerPortal = 8D21E7D22C99DDC1007E17FF /* Project object */;
			proxyType = 1;
			remoteGlobalIDString = 8D21E7D92C99DDC1007E17FF;
			remoteInfo = Morada;
		};
/* End PBXContainerItemProxy section */

/* Begin PBXFileReference section */
		8D21E7DA2C99DDC1007E17FF /* Morada.app */ = {isa = PBXFileReference; explicitFileType = wrapper.application; includeInIndex = 0; path = Morada.app; sourceTree = BUILT_PRODUCTS_DIR; };
		8D21E7DD2C99DDC1007E17FF /* MoradaApp.swift */ = {isa = PBXFileReference; lastKnownFileType = sourcecode.swift; path = MoradaApp.swift; sourceTree = "<group>"; };
		8D21E7DF2C99DDC1007E17FF /* ContentView.swift */ = {isa = PBXFileReference; lastKnownFileType = sourcecode.swift; path = ContentView.swift; sourceTree = "<group>"; };
		8D21E7E12C99DDC6007E17FF /* Assets.xcassets */ = {isa = PBXFileReference; lastKnownFileType = folder.assetcatalog; path = Assets.xcassets; sourceTree = "<group>"; };
		8D21E7E32C99DDC6007E17FF /* Morada.entitlements */ = {isa = PBXFileReference; lastKnownFileType = text.plist.entitlements; path = Morada.entitlements; sourceTree = "<group>"; };
		8D21E7E52C99DDC6007E17FF /* Preview Assets.xcassets */ = {isa = PBXFileReference; lastKnownFileType = folder.assetcatalog; path = "Preview Assets.xcassets"; sourceTree = "<group>"; };
		8D21E7EB2C99DDC6007E17FF /* MoradaTests.xctest */ = {isa = PBXFileReference; explicitFileType = wrapper.cfbundle; includeInIndex = 0; path = MoradaTests.xctest; sourceTree = BUILT_PRODUCTS_DIR; };
		8D21E7EF2C99DDC6007E17FF /* MoradaTests.swift */ = {isa = PBXFileReference; lastKnownFileType = sourcecode.swift; path = MoradaTests.swift; sourceTree = "<group>"; };
		8D21E7F52C99DDC6007E17FF /* MoradaUITests.xctest */ = {isa = PBXFileReference; explicitFileType = wrapper.cfbundle; includeInIndex = 0; path = MoradaUITests.xctest; sourceTree = BUILT_PRODUCTS_DIR; };
		8D21E7F92C99DDC6007E17FF /* MoradaUITests.swift */ = {isa = PBXFileReference; lastKnownFileType = sourcecode.swift; path = MoradaUITests.swift; sourceTree = "<group>"; };
		8D21E7FB2C99DDC6007E17FF /* MoradaUITestsLaunchTests.swift */ = {isa = PBXFileReference; lastKnownFileType = sourcecode.swift; path = MoradaUITestsLaunchTests.swift; sourceTree = "<group>"; };
/* End PBXFileReference section */

/* Begin PBXFrameworksBuildPhase section */
		8D21E7D72C99DDC1007E17FF /* Frameworks */ = {
			isa = PBXFrameworksBuildPhase;
			buildActionMask = 2147483647;
			files = (
			);
			runOnlyForDeploymentPostprocessing = 0;
		};
		8D21E7E82C99DDC6007E17FF /* Frameworks */ = {
			isa = PBXFrameworksBuildPhase;
			buildActionMask = 2147483647;
			files = (
			);
			runOnlyForDeploymentPostprocessing = 0;
		};
		8D21E7F22C99DDC6007E17FF /* Frameworks */ = {
			isa = PBXFrameworksBuildPhase;
			buildActionMask = 2147483647;
			files = (
			);
			runOnlyForDeploymentPostprocessing = 0;
		};
/* End PBXFrameworksBuildPhase section */

/* Begin PBXGroup section */
		8D21E7D12C99DDC1007E17FF = {
			isa = PBXGroup;
			children = (
				8D21E7DC2C99DDC1007E17FF /* Morada */,
				8D21E7EE2C99DDC6007E17FF /* MoradaTests */,
				8D21E7F82C99DDC6007E17FF /* MoradaUITests */,
				8D21E7DB2C99DDC1007E17FF /* Products */,
			);
			sourceTree = "<group>";
		};
		8D21E7DB2C99DDC1007E17FF /* Products */ = {
			isa = PBXGroup;
			children = (
				8D21E7DA2C99DDC1007E17FF /* Morada.app */,
				8D21E7EB2C99DDC6007E17FF /* MoradaTests.xctest */,
				8D21E7F52C99DDC6007E17FF /* MoradaUITests.xctest */,
			);
			name = Products;
			sourceTree = "<group>";
		};
		8D21E7DC2C99DDC1007E17FF /* Morada */ = {
			isa = PBXGroup;
			children = (
				8D21E7DD2C99DDC1007E17FF /* MoradaApp.swift */,
				8D21E7DF2C99DDC1007E17FF /* ContentView.swift */,
				8D21E7E12C99DDC6007E17FF /* Assets.xcassets */,
				8D21E7E32C99DDC6007E17FF /* Morada.entitlements */,
				8D21E7E42C99DDC6007E17FF /* Preview Content */,
			);
			path = Morada;
			sourceTree = "<group>";
		};
		8D21E7E42C99DDC6007E17FF /* Preview Content */ = {
			isa = PBXGroup;
			children = (
				8D21E7E52C99DDC6007E17FF /* Preview Assets.xcassets */,
			);
			path = "Preview Content";
			sourceTree = "<group>";
		};
		8D21E7EE2C99DDC6007E17FF /* MoradaTests */ = {
			isa = PBXGroup;
			children = (
				8D21E7EF2C99DDC6007E17FF /* MoradaTests.swift */,
			);
			path = MoradaTests;
			sourceTree = "<group>";
		};
		8D21E7F82C99DDC6007E17FF /* MoradaUITests */ = {
			isa = PBXGroup;
			children = (
				8D21E7F92C99DDC6007E17FF /* MoradaUITests.swift */,
				8D21E7FB2C99DDC6007E17FF /* MoradaUITestsLaunchTests.swift */,
			);
			path = MoradaUITests;
			sourceTree = "<group>";
		};
/* End PBXGroup section */

/* Begin PBXNativeTarget section */
		8D21E7D92C99DDC1007E17FF /* Morada */ = {
			isa = PBXNativeTarget;
			buildConfigurationList = 8D21E7FF2C99DDC6007E17FF /* Build configuration list for PBXNativeTarget "Morada" */;
			buildPhases = (
				8D21E7D62C99DDC1007E17FF /* Sources */,
				8D21E7D72C99DDC1007E17FF /* Frameworks */,
				8D21E7D82C99DDC1007E17FF /* Resources */,
			);
			buildRules = (
			);
			dependencies = (
			);
			name = Morada;
			productName = Morada;
			productReference = 8D21E7DA2C99DDC1007E17FF /* Morada.app */;
			productType = "com.apple.product-type.application";
		};
		8D21E7EA2C99DDC6007E17FF /* MoradaTests */ = {
			isa = PBXNativeTarget;
			buildConfigurationList = 8D21E8022C99DDC6007E17FF /* Build configuration list for PBXNativeTarget "MoradaTests" */;
			buildPhases = (
				8D21E7E72C99DDC6007E17FF /* Sources */,
				8D21E7E82C99DDC6007E17FF /* Frameworks */,
				8D21E7E92C99DDC6007E17FF /* Resources */,
			);
			buildRules = (
			);
			dependencies = (
				8D21E7ED2C99DDC6007E17FF /* PBXTargetDependency */,
			);
			name = MoradaTests;
			productName = MoradaTests;
			productReference = 8D21E7EB2C99DDC6007E17FF /* MoradaTests.xctest */;
			productType = "com.apple.product-type.bundle.unit-test";
		};
		8D21E7F42C99DDC6007E17FF /* MoradaUITests */ = {
			isa = PBXNativeTarget;
			buildConfigurationList = 8D21E8052C99DDC6007E17FF /* Build configuration list for PBXNativeTarget "MoradaUITests" */;
			buildPhases = (
				8D21E7F12C99DDC6007E17FF /* Sources */,
				8D21E7F22C99DDC6007E17FF /* Frameworks */,
				8D21E7F32C99DDC6007E17FF /* Resources */,
			);
			buildRules = (
			);
			dependencies = (
				8D21E7F72C99DDC6007E17FF /* PBXTargetDependency */,
			);
			name = MoradaUITests;
			productName = MoradaUITests;
			productReference = 8D21E7F52C99DDC6007E17FF /* MoradaUITests.xctest */;
			productType = "com.apple.product-type.bundle.ui-testing";
		};
/* End PBXNativeTarget section */

/* Begin PBXProject section */
		8D21E7D22C99DDC1007E17FF /* Project object */ = {
			isa = PBXProject;
			attributes = {
				BuildIndependentTargetsInParallel = 1;
				LastSwiftUpdateCheck = 1540;
				LastUpgradeCheck = 1540;
				TargetAttributes = {
					8D21E7D92C99DDC1007E17FF = {
						CreatedOnToolsVersion = 15.4;
					};
					8D21E7EA2C99DDC6007E17FF = {
						CreatedOnToolsVersion = 15.4;
						TestTargetID = 8D21E7D92C99DDC1007E17FF;
					};
					8D21E7F42C99DDC6007E17FF = {
						CreatedOnToolsVersion = 15.4;
						TestTargetID = 8D21E7D92C99DDC1007E17FF;
					};
				};
			};
			buildConfigurationList = 8D21E7D52C99DDC1007E17FF /* Build configuration list for PBXProject "Morada" */;
			compatibilityVersion = "Xcode 14.0";
			developmentRegion = en;
			hasScannedForEncodings = 0;
			knownRegions = (
				en,
				Base,
			);
			mainGroup = 8D21E7D12C99DDC1007E17FF;
			productRefGroup = 8D21E7DB2C99DDC1007E17FF /* Products */;
			projectDirPath = "";
			projectRoot = "";
			targets = (
				8D21E7D92C99DDC1007E17FF /* Morada */,
				8D21E7EA2C99DDC6007E17FF /* MoradaTests */,
				8D21E7F42C99DDC6007E17FF /* MoradaUITests */,
			);
		};
/* End PBXProject section */

/* Begin PBXResourcesBuildPhase section */
		8D21E7D82C99DDC1007E17FF /* Resources */ = {
			isa = PBXResourcesBuildPhase;
			buildActionMask = 2147483647;
			files = (
				8D21E7E62C99DDC6007E17FF /* Preview Assets.xcassets in Resources */,
				8D21E7E22C99DDC6007E17FF /* Assets.xcassets in Resources */,
			);
			runOnlyForDeploymentPostprocessing = 0;
		};
		8D21E7E92C99DDC6007E17FF /* Resources */ = {
			isa = PBXResourcesBuildPhase;
			buildActionMask = 2147483647;
			files = (
			);
			runOnlyForDeploymentPostprocessing = 0;
		};
		8D21E7F32C99DDC6007E17FF /* Resources */ = {
			isa = PBXResourcesBuildPhase;
			buildActionMask = 2147483647;
			files = (
			);
			runOnlyForDeploymentPostprocessing = 0;
		};
/* End PBXResourcesBuildPhase section */

/* Begin PBXSourcesBuildPhase section */
		8D21E7D62C99DDC1007E17FF /* Sources */ = {
			isa = PBXSourcesBuildPhase;
			buildActionMask = 2147483647;
			files = (
				8D21E7E02C99DDC1007E17FF /* ContentView.swift in Sources */,
				8D21E7DE2C99DDC1007E17FF /* MoradaApp.swift in Sources */,
			);
			runOnlyForDeploymentPostprocessing = 0;
		};
		8D21E7E72C99DDC6007E17FF /* Sources */ = {
			isa = PBXSourcesBuildPhase;
			buildActionMask = 2147483647;
			files = (
				8D21E7F02C99DDC6007E17FF /* MoradaTests.swift in Sources */,
			);
			runOnlyForDeploymentPostprocessing = 0;
		};
		8D21E7F12C99DDC6007E17FF /* Sources */ = {
			isa = PBXSourcesBuildPhase;
			buildActionMask = 2147483647;
			files = (
				8D21E7FC2C99DDC6007E17FF /* MoradaUITestsLaunchTests.swift in Sources */,
				8D21E7FA2C99DDC6007E17FF /* MoradaUITests.swift in Sources */,
			);
			runOnlyForDeploymentPostprocessing = 0;
		};
/* End PBXSourcesBuildPhase section */

/* Begin PBXTargetDependency section */
		8D21E7ED2C99DDC6007E17FF /* PBXTargetDependency */ = {
			isa = PBXTargetDependency;
			target = 8D21E7D92C99DDC1007E17FF /* Morada */;
			targetProxy = 8D21E7EC2C99DDC6007E17FF /* PBXContainerItemProxy */;
		};
		8D21E7F72C99DDC6007E17FF /* PBXTargetDependency */ = {
			isa = PBXTargetDependency;
			target = 8D21E7D92C99DDC1007E17FF /* Morada */;
			targetProxy = 8D21E7F62C99DDC6007E17FF /* PBXContainerItemProxy */;
		};
/* End PBXTargetDependency section */

/* Begin XCBuildConfiguration section */
		8D21E7FD2C99DDC6007E17FF /* Debug */ = {
			isa = XCBuildConfiguration;
			buildSettings = {
				ALWAYS_SEARCH_USER_PATHS = NO;
				ASSETCATALOG_COMPILER_GENERATE_SWIFT_ASSET_SYMBOL_EXTENSIONS = YES;
				CLANG_ANALYZER_NONNULL = YES;
				CLANG_ANALYZER_NUMBER_OBJECT_CONVERSION = YES_AGGRESSIVE;
				CLANG_CXX_LANGUAGE_STANDARD = "gnu++20";
				CLANG_ENABLE_MODULES = YES;
				CLANG_ENABLE_OBJC_ARC = YES;
				CLANG_ENABLE_OBJC_WEAK = YES;
				CLANG_WARN_BLOCK_CAPTURE_AUTORELEASING = YES;
				CLANG_WARN_BOOL_CONVERSION = YES;
				CLANG_WARN_COMMA = YES;
				CLANG_WARN_CONSTANT_CONVERSION = YES;
				CLANG_WARN_DEPRECATED_OBJC_IMPLEMENTATIONS = YES;
				CLANG_WARN_DIRECT_OBJC_ISA_USAGE = YES_ERROR;
				CLANG_WARN_DOCUMENTATION_COMMENTS = YES;
				CLANG_WARN_EMPTY_BODY = YES;
				CLANG_WARN_ENUM_CONVERSION = YES;
				CLANG_WARN_INFINITE_RECURSION = YES;
				CLANG_WARN_INT_CONVERSION = YES;
				CLANG_WARN_NON_LITERAL_NULL_CONVERSION = YES;
				CLANG_WARN_OBJC_IMPLICIT_RETAIN_SELF = YES;
				CLANG_WARN_OBJC_LITERAL_CONVERSION = YES;
				CLANG_WARN_OBJC_ROOT_CLASS = YES_ERROR;
				CLANG_WARN_QUOTED_INCLUDE_IN_FRAMEWORK_HEADER = YES;
				CLANG_WARN_RANGE_LOOP_ANALYSIS = YES;
				CLANG_WARN_STRICT_PROTOTYPES = YES;
				CLANG_WARN_SUSPICIOUS_MOVE = YES;
				CLANG_WARN_UNGUARDED_AVAILABILITY = YES_AGGRESSIVE;
				CLANG_WARN_UNREACHABLE_CODE = YES;
				CLANG_WARN__DUPLICATE_METHOD_MATCH = YES;
				COPY_PHASE_STRIP = NO;
				DEBUG_INFORMATION_FORMAT = dwarf;
				ENABLE_STRICT_OBJC_MSGSEND = YES;
				ENABLE_TESTABILITY = YES;
				ENABLE_USER_SCRIPT_SANDBOXING = YES;
				GCC_C_LANGUAGE_STANDARD = gnu17;
				GCC_DYNAMIC_NO_PIC = NO;
				GCC_NO_COMMON_BLOCKS = YES;
				GCC_OPTIMIZATION_LEVEL = 0;
				GCC_PREPROCESSOR_DEFINITIONS = (
					"DEBUG=1",
					"$(inherited)",
				);
				GCC_WARN_64_TO_32_BIT_CONVERSION = YES;
				GCC_WARN_ABOUT_RETURN_TYPE = YES_ERROR;
				GCC_WARN_UNDECLARED_SELECTOR = YES;
				GCC_WARN_UNINITIALIZED_AUTOS = YES_AGGRESSIVE;
				GCC_WARN_UNUSED_FUNCTION = YES;
				GCC_WARN_UNUSED_VARIABLE = YES;
				LOCALIZATION_PREFERS_STRING_CATALOGS = YES;
				MTL_ENABLE_DEBUG_INFO = INCLUDE_SOURCE;
				MTL_FAST_MATH = YES;
				ONLY_ACTIVE_ARCH = YES;
				SWIFT_ACTIVE_COMPILATION_CONDITIONS = "DEBUG $(inherited)";
				SWIFT_OPTIMIZATION_LEVEL = "-Onone";
			};
			name = Debug;
		};
		8D21E7FE2C99DDC6007E17FF /* Release */ = {
			isa = XCBuildConfiguration;
			buildSettings = {
				ALWAYS_SEARCH_USER_PATHS = NO;
				ASSETCATALOG_COMPILER_GENERATE_SWIFT_ASSET_SYMBOL_EXTENSIONS = YES;
				CLANG_ANALYZER_NONNULL = YES;
				CLANG_ANALYZER_NUMBER_OBJECT_CONVERSION = YES_AGGRESSIVE;
				CLANG_CXX_LANGUAGE_STANDARD = "gnu++20";
				CLANG_ENABLE_MODULES = YES;
				CLANG_ENABLE_OBJC_ARC = YES;
				CLANG_ENABLE_OBJC_WEAK = YES;
				CLANG_WARN_BLOCK_CAPTURE_AUTORELEASING = YES;
				CLANG_WARN_BOOL_CONVERSION = YES;
				CLANG_WARN_COMMA = YES;
				CLANG_WARN_CONSTANT_CONVERSION = YES;
				CLANG_WARN_DEPRECATED_OBJC_IMPLEMENTATIONS = YES;
				CLANG_WARN_DIRECT_OBJC_ISA_USAGE = YES_ERROR;
				CLANG_WARN_DOCUMENTATION_COMMENTS = YES;
				CLANG_WARN_EMPTY_BODY = YES;
				CLANG_WARN_ENUM_CONVERSION = YES;
				CLANG_WARN_INFINITE_RECURSION = YES;
				CLANG_WARN_INT_CONVERSION = YES;
				CLANG_WARN_NON_LITERAL_NULL_CONVERSION = YES;
				CLANG_WARN_OBJC_IMPLICIT_RETAIN_SELF = YES;
				CLANG_WARN_OBJC_LITERAL_CONVERSION = YES;
				CLANG_WARN_OBJC_ROOT_CLASS = YES_ERROR;
				CLANG_WARN_QUOTED_INCLUDE_IN_FRAMEWORK_HEADER = YES;
				CLANG_WARN_RANGE_LOOP_ANALYSIS = YES;
				CLANG_WARN_STRICT_PROTOTYPES = YES;
				CLANG_WARN_SUSPICIOUS_MOVE = YES;
				CLANG_WARN_UNGUARDED_AVAILABILITY = YES_AGGRESSIVE;
				CLANG_WARN_UNREACHABLE_CODE = YES;
				CLANG_WARN__DUPLICATE_METHOD_MATCH = YES;
				COPY_PHASE_STRIP = NO;
				DEBUG_INFORMATION_FORMAT = "dwarf-with-dsym";
				ENABLE_NS_ASSERTIONS = NO;
				ENABLE_STRICT_OBJC_MSGSEND = YES;
				ENABLE_USER_SCRIPT_SANDBOXING = YES;
				GCC_C_LANGUAGE_STANDARD = gnu17;
				GCC_NO_COMMON_BLOCKS = YES;
				GCC_WARN_64_TO_32_BIT_CONVERSION = YES;
				GCC_WARN_ABOUT_RETURN_TYPE = YES_ERROR;
				GCC_WARN_UNDECLARED_SELECTOR = YES;
				GCC_WARN_UNINITIALIZED_AUTOS = YES_AGGRESSIVE;
				GCC_WARN_UNUSED_FUNCTION = YES;
				GCC_WARN_UNUSED_VARIABLE = YES;
				LOCALIZATION_PREFERS_STRING_CATALOGS = YES;
				MTL_ENABLE_DEBUG_INFO = NO;
				MTL_FAST_MATH = YES;
				SWIFT_COMPILATION_MODE = wholemodule;
			};
			name = Release;
		};
		8D21E8002C99DDC6007E17FF /* Debug */ = {
			isa = XCBuildConfiguration;
			buildSettings = {
				ASSETCATALOG_COMPILER_APPICON_NAME = AppIcon;
				ASSETCATALOG_COMPILER_GLOBAL_ACCENT_COLOR_NAME = AccentColor;
				CODE_SIGN_ENTITLEMENTS = Morada/Morada.entitlements;
				CODE_SIGN_STYLE = Automatic;
				CURRENT_PROJECT_VERSION = 1;
				DEVELOPMENT_ASSET_PATHS = "\"Morada/Preview Content\"";
				DEVELOPMENT_TEAM = 8WJFS8ZZ5M;
				ENABLE_HARDENED_RUNTIME = YES;
				ENABLE_PREVIEWS = YES;
				GENERATE_INFOPLIST_FILE = YES;
				"INFOPLIST_KEY_UIApplicationSceneManifest_Generation[sdk=iphoneos*]" = YES;
				"INFOPLIST_KEY_UIApplicationSceneManifest_Generation[sdk=iphonesimulator*]" = YES;
				"INFOPLIST_KEY_UIApplicationSupportsIndirectInputEvents[sdk=iphoneos*]" = YES;
				"INFOPLIST_KEY_UIApplicationSupportsIndirectInputEvents[sdk=iphonesimulator*]" = YES;
				"INFOPLIST_KEY_UILaunchScreen_Generation[sdk=iphoneos*]" = YES;
				"INFOPLIST_KEY_UILaunchScreen_Generation[sdk=iphonesimulator*]" = YES;
				"INFOPLIST_KEY_UIStatusBarStyle[sdk=iphoneos*]" = UIStatusBarStyleDefault;
				"INFOPLIST_KEY_UIStatusBarStyle[sdk=iphonesimulator*]" = UIStatusBarStyleDefault;
				INFOPLIST_KEY_UISupportedInterfaceOrientations_iPad = "UIInterfaceOrientationPortrait UIInterfaceOrientationPortraitUpsideDown UIInterfaceOrientationLandscapeLeft UIInterfaceOrientationLandscapeRight";
				INFOPLIST_KEY_UISupportedInterfaceOrientations_iPhone = "UIInterfaceOrientationPortrait UIInterfaceOrientationLandscapeLeft UIInterfaceOrientationLandscapeRight";
				IPHONEOS_DEPLOYMENT_TARGET = 17.5;
				LD_RUNPATH_SEARCH_PATHS = "@executable_path/Frameworks";
				"LD_RUNPATH_SEARCH_PATHS[sdk=macosx*]" = "@executable_path/../Frameworks";
				MACOSX_DEPLOYMENT_TARGET = 14.5;
				MARKETING_VERSION = 1.0;
				PRODUCT_BUNDLE_IDENTIFIER = com.jarboss.Morada;
				PRODUCT_NAME = "$(TARGET_NAME)";
				SDKROOT = auto;
				SUPPORTED_PLATFORMS = "iphoneos iphonesimulator macosx";
				SWIFT_EMIT_LOC_STRINGS = YES;
				SWIFT_VERSION = 5.0;
				TARGETED_DEVICE_FAMILY = "1,2";
			};
			name = Debug;
		};
		8D21E8012C99DDC6007E17FF /* Release */ = {
			isa = XCBuildConfiguration;
			buildSettings = {
				ASSETCATALOG_COMPILER_APPICON_NAME = AppIcon;
				ASSETCATALOG_COMPILER_GLOBAL_ACCENT_COLOR_NAME = AccentColor;
				CODE_SIGN_ENTITLEMENTS = Morada/Morada.entitlements;
				CODE_SIGN_STYLE = Automatic;
				CURRENT_PROJECT_VERSION = 1;
				DEVELOPMENT_ASSET_PATHS = "\"Morada/Preview Content\"";
				DEVELOPMENT_TEAM = 8WJFS8ZZ5M;
				ENABLE_HARDENED_RUNTIME = YES;
				ENABLE_PREVIEWS = YES;
				GENERATE_INFOPLIST_FILE = YES;
				"INFOPLIST_KEY_UIApplicationSceneManifest_Generation[sdk=iphoneos*]" = YES;
				"INFOPLIST_KEY_UIApplicationSceneManifest_Generation[sdk=iphonesimulator*]" = YES;
				"INFOPLIST_KEY_UIApplicationSupportsIndirectInputEvents[sdk=iphoneos*]" = YES;
				"INFOPLIST_KEY_UIApplicationSupportsIndirectInputEvents[sdk=iphonesimulator*]" = YES;
				"INFOPLIST_KEY_UILaunchScreen_Generation[sdk=iphoneos*]" = YES;
				"INFOPLIST_KEY_UILaunchScreen_Generation[sdk=iphonesimulator*]" = YES;
				"INFOPLIST_KEY_UIStatusBarStyle[sdk=iphoneos*]" = UIStatusBarStyleDefault;
				"INFOPLIST_KEY_UIStatusBarStyle[sdk=iphonesimulator*]" = UIStatusBarStyleDefault;
				INFOPLIST_KEY_UISupportedInterfaceOrientations_iPad = "UIInterfaceOrientationPortrait UIInterfaceOrientationPortraitUpsideDown UIInterfaceOrientationLandscapeLeft UIInterfaceOrientationLandscapeRight";
				INFOPLIST_KEY_UISupportedInterfaceOrientations_iPhone = "UIInterfaceOrientationPortrait UIInterfaceOrientationLandscapeLeft UIInterfaceOrientationLandscapeRight";
				IPHONEOS_DEPLOYMENT_TARGET = 17.5;
				LD_RUNPATH_SEARCH_PATHS = "@executable_path/Frameworks";
				"LD_RUNPATH_SEARCH_PATHS[sdk=macosx*]" = "@executable_path/../Frameworks";
				MACOSX_DEPLOYMENT_TARGET = 14.5;
				MARKETING_VERSION = 1.0;
				PRODUCT_BUNDLE_IDENTIFIER = com.jarboss.Morada;
				PRODUCT_NAME = "$(TARGET_NAME)";
				SDKROOT = auto;
				SUPPORTED_PLATFORMS = "iphoneos iphonesimulator macosx";
				SWIFT_EMIT_LOC_STRINGS = YES;
				SWIFT_VERSION = 5.0;
				TARGETED_DEVICE_FAMILY = "1,2";
			};
			name = Release;
		};
		8D21E8032C99DDC6007E17FF /* Debug */ = {
			isa = XCBuildConfiguration;
			buildSettings = {
				ALWAYS_EMBED_SWIFT_STANDARD_LIBRARIES = YES;
				BUNDLE_LOADER = "$(TEST_HOST)";
				CODE_SIGN_STYLE = Automatic;
				CURRENT_PROJECT_VERSION = 1;
				DEVELOPMENT_TEAM = 8WJFS8ZZ5M;
				GENERATE_INFOPLIST_FILE = YES;
				IPHONEOS_DEPLOYMENT_TARGET = 17.5;
				MACOSX_DEPLOYMENT_TARGET = 14.5;
				MARKETING_VERSION = 1.0;
				PRODUCT_BUNDLE_IDENTIFIER = com.jarboss.MoradaTests;
				PRODUCT_NAME = "$(TARGET_NAME)";
				SDKROOT = auto;
				SUPPORTED_PLATFORMS = "iphoneos iphonesimulator macosx";
				SWIFT_EMIT_LOC_STRINGS = NO;
				SWIFT_VERSION = 5.0;
				TARGETED_DEVICE_FAMILY = "1,2";
				TEST_HOST = "$(BUILT_PRODUCTS_DIR)/Morada.app/$(BUNDLE_EXECUTABLE_FOLDER_PATH)/Morada";
			};
			name = Debug;
		};
		8D21E8042C99DDC6007E17FF /* Release */ = {
			isa = XCBuildConfiguration;
			buildSettings = {
				ALWAYS_EMBED_SWIFT_STANDARD_LIBRARIES = YES;
				BUNDLE_LOADER = "$(TEST_HOST)";
				CODE_SIGN_STYLE = Automatic;
				CURRENT_PROJECT_VERSION = 1;
				DEVELOPMENT_TEAM = 8WJFS8ZZ5M;
				GENERATE_INFOPLIST_FILE = YES;
				IPHONEOS_DEPLOYMENT_TARGET = 17.5;
				MACOSX_DEPLOYMENT_TARGET = 14.5;
				MARKETING_VERSION = 1.0;
				PRODUCT_BUNDLE_IDENTIFIER = com.jarboss.MoradaTests;
				PRODUCT_NAME = "$(TARGET_NAME)";
				SDKROOT = auto;
				SUPPORTED_PLATFORMS = "iphoneos iphonesimulator macosx";
				SWIFT_EMIT_LOC_STRINGS = NO;
				SWIFT_VERSION = 5.0;
				TARGETED_DEVICE_FAMILY = "1,2";
				TEST_HOST = "$(BUILT_PRODUCTS_DIR)/Morada.app/$(BUNDLE_EXECUTABLE_FOLDER_PATH)/Morada";
			};
			name = Release;
		};
		8D21E8062C99DDC6007E17FF /* Debug */ = {
			isa = XCBuildConfiguration;
			buildSettings = {
				ALWAYS_EMBED_SWIFT_STANDARD_LIBRARIES = YES;
				CODE_SIGN_STYLE = Automatic;
				CURRENT_PROJECT_VERSION = 1;
				DEVELOPMENT_TEAM = 8WJFS8ZZ5M;
				GENERATE_INFOPLIST_FILE = YES;
				IPHONEOS_DEPLOYMENT_TARGET = 17.5;
				MACOSX_DEPLOYMENT_TARGET = 14.5;
				MARKETING_VERSION = 1.0;
				PRODUCT_BUNDLE_IDENTIFIER = com.jarboss.MoradaUITests;
				PRODUCT_NAME = "$(TARGET_NAME)";
				SDKROOT = auto;
				SUPPORTED_PLATFORMS = "iphoneos iphonesimulator macosx";
				SWIFT_EMIT_LOC_STRINGS = NO;
				SWIFT_VERSION = 5.0;
				TARGETED_DEVICE_FAMILY = "1,2";
				TEST_TARGET_NAME = Morada;
			};
			name = Debug;
		};
		8D21E8072C99DDC6007E17FF /* Release */ = {
			isa = XCBuildConfiguration;
			buildSettings = {
				ALWAYS_EMBED_SWIFT_STANDARD_LIBRARIES = YES;
				CODE_SIGN_STYLE = Automatic;
				CURRENT_PROJECT_VERSION = 1;
				DEVELOPMENT_TEAM = 8WJFS8ZZ5M;
				GENERATE_INFOPLIST_FILE = YES;
				IPHONEOS_DEPLOYMENT_TARGET = 17.5;
				MACOSX_DEPLOYMENT_TARGET = 14.5;
				MARKETING_VERSION = 1.0;
				PRODUCT_BUNDLE_IDENTIFIER = com.jarboss.MoradaUITests;
				PRODUCT_NAME = "$(TARGET_NAME)";
				SDKROOT = auto;
				SUPPORTED_PLATFORMS = "iphoneos iphonesimulator macosx";
				SWIFT_EMIT_LOC_STRINGS = NO;
				SWIFT_VERSION = 5.0;
				TARGETED_DEVICE_FAMILY = "1,2";
				TEST_TARGET_NAME = Morada;
			};
			name = Release;
		};
/* End XCBuildConfiguration section */

/* Begin XCConfigurationList section */
		8D21E7D52C99DDC1007E17FF /* Build configuration list for PBXProject "Morada" */ = {
			isa = XCConfigurationList;
			buildConfigurations = (
				8D21E7FD2C99DDC6007E17FF /* Debug */,
				8D21E7FE2C99DDC6007E17FF /* Release */,
			);
			defaultConfigurationIsVisible = 0;
			defaultConfigurationName = Release;
		};
		8D21E7FF2C99DDC6007E17FF /* Build configuration list for PBXNativeTarget "Morada" */ = {
			isa = XCConfigurationList;
			buildConfigurations = (
				8D21E8002C99DDC6007E17FF /* Debug */,
				8D21E8012C99DDC6007E17FF /* Release */,
			);
			defaultConfigurationIsVisible = 0;
			defaultConfigurationName = Release;
		};
		8D21E8022C99DDC6007E17FF /* Build configuration list for PBXNativeTarget "MoradaTests" */ = {
			isa = XCConfigurationList;
			buildConfigurations = (
				8D21E8032C99DDC6007E17FF /* Debug */,
				8D21E8042C99DDC6007E17FF /* Release */,
			);
			defaultConfigurationIsVisible = 0;
			defaultConfigurationName = Release;
		};
		8D21E8052C99DDC6007E17FF /* Build configuration list for PBXNativeTarget "MoradaUITests" */ = {
			isa = XCConfigurationList;
			buildConfigurations = (
				8D21E8062C99DDC6007E17FF /* Debug */,
				8D21E8072C99DDC6007E17FF /* Release */,
			);
			defaultConfigurationIsVisible = 0;
			defaultConfigurationName = Release;
		};
/* End XCConfigurationList section */
	};
	rootObject = 8D21E7D22C99DDC1007E17FF /* Project object */;
}
